dependencies:
- name: postgresql
  repository: https://charts.bitnami.com/bitnami
  version: 11.1.29
- name: metabase
  repository: https://pmint93.github.io/helm-charts
  version: 2.1.0
digest: sha256:154b5cebaadaf045fc774636e06e2c9972ff4a94c15066a6c5aa9c1979cc4f41
generated: "2022-05-13T16:47:35.3992494+03:00"
