dependencies:
- name: postgresql
  repository: https://charts.bitnami.com/bitnami
  version: 12.1.14
- name: metabase
  repository: https://pmint93.github.io/helm-charts
  version: 2.6.2
digest: sha256:fcf12d2a8806b820bd5d194bd3fbccb63aabff232b9cbedd429795c512a03136
generated: "2023-02-05T16:06:05.2370482+02:00"
