dependencies:
- name: postgresql
  repository: https://charts.bitnami.com/bitnami
  version: 11.1.22
- name: metabase
  repository: https://pmint93.github.io/helm-charts
  version: 2.1.0
digest: sha256:73a9383b14ff6c6419bd8cf8381b78b195e6ff980e6dc2461d9d2df08a5d8439
generated: "2022-04-21T14:46:58.0373149+03:00"
